// !$*UTF8*$!
{
	archiveVersion = 1;
	classes = {
	};
	objectVersion = 46;
	objects = {

/* Begin PBXBuildFile section */
		615805D91D11450D00359956 /* AppDelegate.swift in Sources */ = {isa = PBXBuildFile; fileRef = 615805D81D11450D00359956 /* AppDelegate.swift */; };
		615805DF1D11450D00359956 /* GameViewController.swift in Sources */ = {isa = PBXBuildFile; fileRef = 615805DE1D11450D00359956 /* GameViewController.swift */; };
		615805E21D11450D00359956 /* Main.storyboard in Resources */ = {isa = PBXBuildFile; fileRef = 615805E01D11450D00359956 /* Main.storyboard */; };
		615805E41D11450D00359956 /* Assets.xcassets in Resources */ = {isa = PBXBuildFile; fileRef = 615805E31D11450D00359956 /* Assets.xcassets */; };
		615805E71D11450D00359956 /* LaunchScreen.storyboard in Resources */ = {isa = PBXBuildFile; fileRef = 615805E51D11450D00359956 /* LaunchScreen.storyboard */; };
		615805F51D11462500359956 /* MenuScene.swift in Sources */ = {isa = PBXBuildFile; fileRef = 615805F41D11462500359956 /* MenuScene.swift */; };
/* End PBXBuildFile section */

/* Begin PBXFileReference section */
		615805D51D11450D00359956 /* Warface.app */ = {isa = PBXFileReference; explicitFileType = wrapper.application; includeInIndex = 0; path = Warface.app; sourceTree = BUILT_PRODUCTS_DIR; };
		615805D81D11450D00359956 /* AppDelegate.swift */ = {isa = PBXFileReference; lastKnownFileType = sourcecode.swift; path = AppDelegate.swift; sourceTree = "<group>"; };
		615805DE1D11450D00359956 /* GameViewController.swift */ = {isa = PBXFileReference; lastKnownFileType = sourcecode.swift; path = GameViewController.swift; sourceTree = "<group>"; };
		615805E11D11450D00359956 /* Base */ = {isa = PBXFileReference; lastKnownFileType = file.storyboard; name = Base; path = Base.lproj/Main.storyboard; sourceTree = "<group>"; };
		615805E31D11450D00359956 /* Assets.xcassets */ = {isa = PBXFileReference; lastKnownFileType = folder.assetcatalog; path = Assets.xcassets; sourceTree = "<group>"; };
		615805E61D11450D00359956 /* Base */ = {isa = PBXFileReference; lastKnownFileType = file.storyboard; name = Base; path = Base.lproj/LaunchScreen.storyboard; sourceTree = "<group>"; };
		615805E81D11450D00359956 /* Info.plist */ = {isa = PBXFileReference; lastKnownFileType = text.plist.xml; path = Info.plist; sourceTree = "<group>"; };
		615805F41D11462500359956 /* MenuScene.swift */ = {isa = PBXFileReference; fileEncoding = 4; lastKnownFileType = sourcecode.swift; name = MenuScene.swift; path = Scenes/MenuScene.swift; sourceTree = "<group>"; };
/* End PBXFileReference section */

/* Begin PBXFrameworksBuildPhase section */
		615805D21D11450D00359956 /* Frameworks */ = {
			isa = PBXFrameworksBuildPhase;
			buildActionMask = 2147483647;
			files = (
			);
			runOnlyForDeploymentPostprocessing = 0;
		};
/* End PBXFrameworksBuildPhase section */

/* Begin PBXGroup section */
		615805CC1D11450D00359956 = {
			isa = PBXGroup;
			children = (
				615805D71D11450D00359956 /* Warface */,
				615805D61D11450D00359956 /* Products */,
			);
			sourceTree = "<group>";
		};
		615805D61D11450D00359956 /* Products */ = {
			isa = PBXGroup;
			children = (
				615805D51D11450D00359956 /* Warface.app */,
			);
			name = Products;
			sourceTree = "<group>";
		};
		615805D71D11450D00359956 /* Warface */ = {
			isa = PBXGroup;
			children = (
				615805F11D11458000359956 /* Controllers */,
				615805F01D11452F00359956 /* Extensions */,
				615805EF1D11452A00359956 /* Scenes */,
				615805EE1D11452100359956 /* Models */,
				615805D81D11450D00359956 /* AppDelegate.swift */,
				615805E01D11450D00359956 /* Main.storyboard */,
				615805E31D11450D00359956 /* Assets.xcassets */,
				615805E51D11450D00359956 /* LaunchScreen.storyboard */,
				615805E81D11450D00359956 /* Info.plist */,
			);
			path = Warface;
			sourceTree = "<group>";
		};
		615805EE1D11452100359956 /* Models */ = {
			isa = PBXGroup;
			children = (
			);
			name = Models;
			sourceTree = "<group>";
		};
		615805EF1D11452A00359956 /* Scenes */ = {
			isa = PBXGroup;
			children = (
				615805F41D11462500359956 /* MenuScene.swift */,
			);
			name = Scenes;
			sourceTree = "<group>";
		};
		615805F01D11452F00359956 /* Extensions */ = {
			isa = PBXGroup;
			children = (
			);
			name = Extensions;
			sourceTree = "<group>";
		};
		615805F11D11458000359956 /* Controllers */ = {
			isa = PBXGroup;
			children = (
				615805DE1D11450D00359956 /* GameViewController.swift */,
			);
			name = Controllers;
			sourceTree = "<group>";
		};
/* End PBXGroup section */

/* Begin PBXNativeTarget section */
		615805D41D11450D00359956 /* Warface */ = {
			isa = PBXNativeTarget;
			buildConfigurationList = 615805EB1D11450D00359956 /* Build configuration list for PBXNativeTarget "Warface" */;
			buildPhases = (
				615805D11D11450D00359956 /* Sources */,
				615805D21D11450D00359956 /* Frameworks */,
				615805D31D11450D00359956 /* Resources */,
			);
			buildRules = (
			);
			dependencies = (
			);
			name = Warface;
			productName = Warface;
			productReference = 615805D51D11450D00359956 /* Warface.app */;
			productType = "com.apple.product-type.application";
		};
/* End PBXNativeTarget section */

/* Begin PBXProject section */
		615805CD1D11450D00359956 /* Project object */ = {
			isa = PBXProject;
			attributes = {
				LastSwiftUpdateCheck = 0730;
				LastUpgradeCheck = 0730;
				ORGANIZATIONNAME = Mylantis;
				TargetAttributes = {
					615805D41D11450D00359956 = {
						CreatedOnToolsVersion = 7.3.1;
					};
				};
			};
			buildConfigurationList = 615805D01D11450D00359956 /* Build configuration list for PBXProject "Warface" */;
			compatibilityVersion = "Xcode 3.2";
			developmentRegion = English;
			hasScannedForEncodings = 0;
			knownRegions = (
				en,
				Base,
			);
			mainGroup = 615805CC1D11450D00359956;
			productRefGroup = 615805D61D11450D00359956 /* Products */;
			projectDirPath = "";
			projectRoot = "";
			targets = (
				615805D41D11450D00359956 /* Warface */,
			);
		};
/* End PBXProject section */

/* Begin PBXResourcesBuildPhase section */
		615805D31D11450D00359956 /* Resources */ = {
			isa = PBXResourcesBuildPhase;
			buildActionMask = 2147483647;
			files = (
				615805E71D11450D00359956 /* LaunchScreen.storyboard in Resources */,
				615805E41D11450D00359956 /* Assets.xcassets in Resources */,
				615805E21D11450D00359956 /* Main.storyboard in Resources */,
			);
			runOnlyForDeploymentPostprocessing = 0;
		};
/* End PBXResourcesBuildPhase section */

/* Begin PBXSourcesBuildPhase section */
		615805D11D11450D00359956 /* Sources */ = {
			isa = PBXSourcesBuildPhase;
			buildActionMask = 2147483647;
			files = (
				615805F51D11462500359956 /* MenuScene.swift in Sources */,
				615805DF1D11450D00359956 /* GameViewController.swift in Sources */,
				615805D91D11450D00359956 /* AppDelegate.swift in Sources */,
			);
			runOnlyForDeploymentPostprocessing = 0;
		};
/* End PBXSourcesBuildPhase section */

/* Begin PBXVariantGroup section */
		615805E01D11450D00359956 /* Main.storyboard */ = {
			isa = PBXVariantGroup;
			children = (
				615805E11D11450D00359956 /* Base */,
			);
			name = Main.storyboard;
			sourceTree = "<group>";
		};
		615805E51D11450D00359956 /* LaunchScreen.storyboard */ = {
			isa = PBXVariantGroup;
			children = (
				615805E61D11450D00359956 /* Base */,
			);
			name = LaunchScreen.storyboard;
			sourceTree = "<group>";
		};
/* End PBXVariantGroup section */

/* Begin XCBuildConfiguration section */
		615805E91D11450D00359956 /* Debug */ = {
			isa = XCBuildConfiguration;
			buildSettings = {
				ALWAYS_SEARCH_USER_PATHS = NO;
				CLANG_ANALYZER_NONNULL = YES;
				CLANG_CXX_LANGUAGE_STANDARD = "gnu++0x";
				CLANG_CXX_LIBRARY = "libc++";
				CLANG_ENABLE_MODULES = YES;
				CLANG_ENABLE_OBJC_ARC = YES;
				CLANG_WARN_BOOL_CONVERSION = YES;
				CLANG_WARN_CONSTANT_CONVERSION = YES;
				CLANG_WARN_DIRECT_OBJC_ISA_USAGE = YES_ERROR;
				CLANG_WARN_EMPTY_BODY = YES;
				CLANG_WARN_ENUM_CONVERSION = YES;
				CLANG_WARN_INT_CONVERSION = YES;
				CLANG_WARN_OBJC_ROOT_CLASS = YES_ERROR;
				CLANG_WARN_UNREACHABLE_CODE = YES;
				CLANG_WARN__DUPLICATE_METHOD_MATCH = YES;
				"CODE_SIGN_IDENTITY[sdk=iphoneos*]" = "iPhone Developer";
				COPY_PHASE_STRIP = NO;
				DEBUG_INFORMATION_FORMAT = "dwarf-with-dsym";
				ENABLE_STRICT_OBJC_MSGSEND = YES;
				ENABLE_TESTABILITY = YES;
				GCC_C_LANGUAGE_STANDARD = gnu99;
				GCC_DYNAMIC_NO_PIC = NO;
				GCC_NO_COMMON_BLOCKS = YES;
				GCC_OPTIMIZATION_LEVEL = 0;
				GCC_PREPROCESSOR_DEFINITIONS = (
					"DEBUG=1",
					"$(inherited)",
				);
				GCC_WARN_64_TO_32_BIT_CONVERSION = YES;
				GCC_WARN_ABOUT_RETURN_TYPE = YES_ERROR;
				GCC_WARN_UNDECLARED_SELECTOR = YES;
				GCC_WARN_UNINITIALIZED_AUTOS = YES_AGGRESSIVE;
				GCC_WARN_UNUSED_FUNCTION = YES;
				GCC_WARN_UNUSED_VARIABLE = YES;
				IPHONEOS_DEPLOYMENT_TARGET = 9.3;
				MTL_ENABLE_DEBUG_INFO = YES;
				ONLY_ACTIVE_ARCH = YES;
				SDKROOT = iphoneos;
				SWIFT_OPTIMIZATION_LEVEL = "-Onone";
				TARGETED_DEVICE_FAMILY = "1,2";
			};
			name = Debug;
		};
		615805EA1D11450D00359956 /* Release */ = {
			isa = XCBuildConfiguration;
			buildSettings = {
				ALWAYS_SEARCH_USER_PATHS = NO;
				CLANG_ANALYZER_NONNULL = YES;
				CLANG_CXX_LANGUAGE_STANDARD = "gnu++0x";
				CLANG_CXX_LIBRARY = "libc++";
				CLANG_ENABLE_MODULES = YES;
				CLANG_ENABLE_OBJC_ARC = YES;
				CLANG_WARN_BOOL_CONVERSION = YES;
				CLANG_WARN_CONSTANT_CONVERSION = YES;
				CLANG_WARN_DIRECT_OBJC_ISA_USAGE = YES_ERROR;
				CLANG_WARN_EMPTY_BODY = YES;
				CLANG_WARN_ENUM_CONVERSION = YES;
				CLANG_WARN_INT_CONVERSION = YES;
				CLANG_WARN_OBJC_ROOT_CLASS = YES_ERROR;
				CLANG_WARN_UNREACHABLE_CODE = YES;
				CLANG_WARN__DUPLICATE_METHOD_MATCH = YES;
				"CODE_SIGN_IDENTITY[sdk=iphoneos*]" = "iPhone Developer";
				COPY_PHASE_STRIP = NO;
				DEBUG_INFORMATION_FORMAT = "dwarf-with-dsym";
				ENABLE_NS_ASSERTIONS = NO;
				ENABLE_STRICT_OBJC_MSGSEND = YES;
				GCC_C_LANGUAGE_STANDARD = gnu99;
				GCC_NO_COMMON_BLOCKS = YES;
				GCC_WARN_64_TO_32_BIT_CONVERSION = YES;
				GCC_WARN_ABOUT_RETURN_TYPE = YES_ERROR;
				GCC_WARN_UNDECLARED_SELECTOR = YES;
				GCC_WARN_UNINITIALIZED_AUTOS = YES_AGGRESSIVE;
				GCC_WARN_UNUSED_FUNCTION = YES;
				GCC_WARN_UNUSED_VARIABLE = YES;
				IPHONEOS_DEPLOYMENT_TARGET = 9.3;
				MTL_ENABLE_DEBUG_INFO = NO;
				SDKROOT = iphoneos;
				TARGETED_DEVICE_FAMILY = "1,2";
				VALIDATE_PRODUCT = YES;
			};
			name = Release;
		};
		615805EC1D11450D00359956 /* Debug */ = {
			isa = XCBuildConfiguration;
			buildSettings = {
				ASSETCATALOG_COMPILER_APPICON_NAME = AppIcon;
				INFOPLIST_FILE = Warface/Info.plist;
				LD_RUNPATH_SEARCH_PATHS = "$(inherited) @executable_path/Frameworks";
				PRODUCT_BUNDLE_IDENTIFIER = mylantis.Warface;
				PRODUCT_NAME = "$(TARGET_NAME)";
			};
			name = Debug;
		};
		615805ED1D11450D00359956 /* Release */ = {
			isa = XCBuildConfiguration;
			buildSettings = {
				ASSETCATALOG_COMPILER_APPICON_NAME = AppIcon;
				INFOPLIST_FILE = Warface/Info.plist;
				LD_RUNPATH_SEARCH_PATHS = "$(inherited) @executable_path/Frameworks";
				PRODUCT_BUNDLE_IDENTIFIER = mylantis.Warface;
				PRODUCT_NAME = "$(TARGET_NAME)";
			};
			name = Release;
		};
/* End XCBuildConfiguration section */

/* Begin XCConfigurationList section */
		615805D01D11450D00359956 /* Build configuration list for PBXProject "Warface" */ = {
			isa = XCConfigurationList;
			buildConfigurations = (
				615805E91D11450D00359956 /* Debug */,
				615805EA1D11450D00359956 /* Release */,
			);
			defaultConfigurationIsVisible = 0;
			defaultConfigurationName = Release;
		};
		615805EB1D11450D00359956 /* Build configuration list for PBXNativeTarget "Warface" */ = {
			isa = XCConfigurationList;
			buildConfigurations = (
				615805EC1D11450D00359956 /* Debug */,
				615805ED1D11450D00359956 /* Release */,
			);
			defaultConfigurationIsVisible = 0;
		};
/* End XCConfigurationList section */
	};
	rootObject = 615805CD1D11450D00359956 /* Project object */;
}
